
Microsoft Visual Studio Solution File, Format Version 12.00
# Visual Studio Version 16
VisualStudioVersion = 16.0.30611.23
MinimumVisualStudioVersion = 10.0.40219.1
Project("{D954291E-2A0B-460D-934E-DC6B0785DB48}") = "Wallet2.Shared", "Wallet2\Wallet2.Shared\Wallet2.Shared.shproj", "{6279C845-92F8-4333-AB99-3D213163593C}"
EndProject
Project("{FAE04EC0-301F-11D3-BF4B-00C04F79EFBC}") = "Wallet2.Droid", "Wallet2\Wallet2.Droid\Wallet2.Droid.csproj", "{B3C86562-7716-4CB5-85E8-3B1D599A93F6}"
EndProject
Project("{FAE04EC0-301F-11D3-BF4B-00C04F79EFBC}") = "Wallet2.iOS", "Wallet2\Wallet2.iOS\Wallet2.iOS.csproj", "{DEE5E455-7FCD-44E3-BC69-1B668039B64C}"
EndProject
Project("{FAE04EC0-301F-11D3-BF4B-00C04F79EFBC}") = "Wallet2.UWP", "Wallet2\Wallet2.UWP\Wallet2.UWP.csproj", "{B7865B6A-E657-4848-B871-225D6CE84C21}"
EndProject
Project("{9A19103F-16F7-4668-BE54-9A1E7A4F7556}") = "Wallet2.Wasm", "Wallet2\Wallet2.Wasm\Wallet2.Wasm.csproj", "{DCA3FD13-2C53-42D9-AC0A-55EEB28DA8A4}"
EndProject
Project("{FAE04EC0-301F-11D3-BF4B-00C04F79EFBC}") = "Wallet2.macOS", "Wallet2\Wallet2.macOS\Wallet2.macOS.csproj", "{60C16A3D-16CA-4091-9CC8-B6744C60F69B}"
EndProject
Project("{9A19103F-16F7-4668-BE54-9A1E7A4F7556}") = "Wallet2.Skia.Wpf.Host", "Wallet2\Wallet2.Skia.Wpf.Host\Wallet2.Skia.Wpf.Host.csproj", "{AC55EB2C-2BA7-44B4-8365-FD4F63AA7F7F}"
EndProject
Project("{9A19103F-16F7-4668-BE54-9A1E7A4F7556}") = "Wallet2.Skia.Wpf", "Wallet2\Wallet2.Skia.Wpf\Wallet2.Skia.Wpf.csproj", "{770660D0-9E7B-48B1-8266-7D8F99990368}"
EndProject
Project("{9A19103F-16F7-4668-BE54-9A1E7A4F7556}") = "Wallet2.Skia.Gtk", "Wallet2\Wallet2.Skia.Gtk\Wallet2.Skia.Gtk.csproj", "{FF1CEB7F-C898-4BD6-88D0-61A71554C730}"
EndProject
Global
	GlobalSection(SharedMSBuildProjectFiles) = preSolution
		Wallet2\Wallet2.Shared\Wallet2.Shared.projitems*{60c16a3d-16ca-4091-9cc8-b6744c60f69b}*SharedItemsImports = 4
		Wallet2\Wallet2.Shared\Wallet2.Shared.projitems*{6279c845-92f8-4333-ab99-3d213163593c}*SharedItemsImports = 13
		Wallet2\Wallet2.Shared\Wallet2.Shared.projitems*{770660d0-9e7b-48b1-8266-7d8f99990368}*SharedItemsImports = 5
		Wallet2\Wallet2.Shared\Wallet2.Shared.projitems*{b3c86562-7716-4cb5-85e8-3b1d599a93f6}*SharedItemsImports = 4
		Wallet2\Wallet2.Shared\Wallet2.Shared.projitems*{b7865b6a-e657-4848-b871-225d6ce84c21}*SharedItemsImports = 4
		Wallet2\Wallet2.Shared\Wallet2.Shared.projitems*{dca3fd13-2c53-42d9-ac0a-55eeb28da8a4}*SharedItemsImports = 5
		Wallet2\Wallet2.Shared\Wallet2.Shared.projitems*{dee5e455-7fcd-44e3-bc69-1b668039b64c}*SharedItemsImports = 4
		Wallet2\Wallet2.Shared\Wallet2.Shared.projitems*{ff1ceb7f-c898-4bd6-88d0-61a71554c730}*SharedItemsImports = 5
	EndGlobalSection
	GlobalSection(SolutionConfigurationPlatforms) = preSolution
		Ad-Hoc|Any CPU = Ad-Hoc|Any CPU
		Ad-Hoc|ARM = Ad-Hoc|ARM
		Ad-Hoc|ARM64 = Ad-Hoc|ARM64
		Ad-Hoc|iPhone = Ad-Hoc|iPhone
		Ad-Hoc|iPhoneSimulator = Ad-Hoc|iPhoneSimulator
		Ad-Hoc|x64 = Ad-Hoc|x64
		Ad-Hoc|x86 = Ad-Hoc|x86
		AppStore|Any CPU = AppStore|Any CPU
		AppStore|ARM = AppStore|ARM
		AppStore|ARM64 = AppStore|ARM64
		AppStore|iPhone = AppStore|iPhone
		AppStore|iPhoneSimulator = AppStore|iPhoneSimulator
		AppStore|x64 = AppStore|x64
		AppStore|x86 = AppStore|x86
		Debug|Any CPU = Debug|Any CPU
		Debug|ARM = Debug|ARM
		Debug|ARM64 = Debug|ARM64
		Debug|iPhone = Debug|iPhone
		Debug|iPhoneSimulator = Debug|iPhoneSimulator
		Debug|x64 = Debug|x64
		Debug|x86 = Debug|x86
		Release|Any CPU = Release|Any CPU
		Release|ARM = Release|ARM
		Release|ARM64 = Release|ARM64
		Release|iPhone = Release|iPhone
		Release|iPhoneSimulator = Release|iPhoneSimulator
		Release|x64 = Release|x64
		Release|x86 = Release|x86
	EndGlobalSection
	GlobalSection(ProjectConfigurationPlatforms) = postSolution
		{B3C86562-7716-4CB5-85E8-3B1D599A93F6}.Ad-Hoc|Any CPU.ActiveCfg = Debug|Any CPU
		{B3C86562-7716-4CB5-85E8-3B1D599A93F6}.Ad-Hoc|Any CPU.Build.0 = Debug|Any CPU
		{B3C86562-7716-4CB5-85E8-3B1D599A93F6}.Ad-Hoc|Any CPU.Deploy.0 = Debug|Any CPU
		{B3C86562-7716-4CB5-85E8-3B1D599A93F6}.Ad-Hoc|ARM.ActiveCfg = Debug|Any CPU
		{B3C86562-7716-4CB5-85E8-3B1D599A93F6}.Ad-Hoc|ARM.Build.0 = Debug|Any CPU
		{B3C86562-7716-4CB5-85E8-3B1D599A93F6}.Ad-Hoc|ARM.Deploy.0 = Debug|Any CPU
		{B3C86562-7716-4CB5-85E8-3B1D599A93F6}.Ad-Hoc|ARM64.ActiveCfg = Debug|Any CPU
		{B3C86562-7716-4CB5-85E8-3B1D599A93F6}.Ad-Hoc|ARM64.Build.0 = Debug|Any CPU
		{B3C86562-7716-4CB5-85E8-3B1D599A93F6}.Ad-Hoc|ARM64.Deploy.0 = Debug|Any CPU
		{B3C86562-7716-4CB5-85E8-3B1D599A93F6}.Ad-Hoc|iPhone.ActiveCfg = Debug|Any CPU
		{B3C86562-7716-4CB5-85E8-3B1D599A93F6}.Ad-Hoc|iPhone.Build.0 = Debug|Any CPU
		{B3C86562-7716-4CB5-85E8-3B1D599A93F6}.Ad-Hoc|iPhone.Deploy.0 = Debug|Any CPU
		{B3C86562-7716-4CB5-85E8-3B1D599A93F6}.Ad-Hoc|iPhoneSimulator.ActiveCfg = Debug|Any CPU
		{B3C86562-7716-4CB5-85E8-3B1D599A93F6}.Ad-Hoc|iPhoneSimulator.Build.0 = Debug|Any CPU
		{B3C86562-7716-4CB5-85E8-3B1D599A93F6}.Ad-Hoc|iPhoneSimulator.Deploy.0 = Debug|Any CPU
		{B3C86562-7716-4CB5-85E8-3B1D599A93F6}.Ad-Hoc|x64.ActiveCfg = Debug|Any CPU
		{B3C86562-7716-4CB5-85E8-3B1D599A93F6}.Ad-Hoc|x64.Build.0 = Debug|Any CPU
		{B3C86562-7716-4CB5-85E8-3B1D599A93F6}.Ad-Hoc|x64.Deploy.0 = Debug|Any CPU
		{B3C86562-7716-4CB5-85E8-3B1D599A93F6}.Ad-Hoc|x86.ActiveCfg = Debug|Any CPU
		{B3C86562-7716-4CB5-85E8-3B1D599A93F6}.Ad-Hoc|x86.Build.0 = Debug|Any CPU
		{B3C86562-7716-4CB5-85E8-3B1D599A93F6}.Ad-Hoc|x86.Deploy.0 = Debug|Any CPU
		{B3C86562-7716-4CB5-85E8-3B1D599A93F6}.AppStore|Any CPU.ActiveCfg = Debug|Any CPU
		{B3C86562-7716-4CB5-85E8-3B1D599A93F6}.AppStore|Any CPU.Build.0 = Debug|Any CPU
		{B3C86562-7716-4CB5-85E8-3B1D599A93F6}.AppStore|Any CPU.Deploy.0 = Debug|Any CPU
		{B3C86562-7716-4CB5-85E8-3B1D599A93F6}.AppStore|ARM.ActiveCfg = Debug|Any CPU
		{B3C86562-7716-4CB5-85E8-3B1D599A93F6}.AppStore|ARM.Build.0 = Debug|Any CPU
		{B3C86562-7716-4CB5-85E8-3B1D599A93F6}.AppStore|ARM.Deploy.0 = Debug|Any CPU
		{B3C86562-7716-4CB5-85E8-3B1D599A93F6}.AppStore|ARM64.ActiveCfg = Debug|Any CPU
		{B3C86562-7716-4CB5-85E8-3B1D599A93F6}.AppStore|ARM64.Build.0 = Debug|Any CPU
		{B3C86562-7716-4CB5-85E8-3B1D599A93F6}.AppStore|ARM64.Deploy.0 = Debug|Any CPU
		{B3C86562-7716-4CB5-85E8-3B1D599A93F6}.AppStore|iPhone.ActiveCfg = Debug|Any CPU
		{B3C86562-7716-4CB5-85E8-3B1D599A93F6}.AppStore|iPhone.Build.0 = Debug|Any CPU
		{B3C86562-7716-4CB5-85E8-3B1D599A93F6}.AppStore|iPhone.Deploy.0 = Debug|Any CPU
		{B3C86562-7716-4CB5-85E8-3B1D599A93F6}.AppStore|iPhoneSimulator.ActiveCfg = Debug|Any CPU
		{B3C86562-7716-4CB5-85E8-3B1D599A93F6}.AppStore|iPhoneSimulator.Build.0 = Debug|Any CPU
		{B3C86562-7716-4CB5-85E8-3B1D599A93F6}.AppStore|iPhoneSimulator.Deploy.0 = Debug|Any CPU
		{B3C86562-7716-4CB5-85E8-3B1D599A93F6}.AppStore|x64.ActiveCfg = Debug|Any CPU
		{B3C86562-7716-4CB5-85E8-3B1D599A93F6}.AppStore|x64.Build.0 = Debug|Any CPU
		{B3C86562-7716-4CB5-85E8-3B1D599A93F6}.AppStore|x64.Deploy.0 = Debug|Any CPU
		{B3C86562-7716-4CB5-85E8-3B1D599A93F6}.AppStore|x86.ActiveCfg = Debug|Any CPU
		{B3C86562-7716-4CB5-85E8-3B1D599A93F6}.AppStore|x86.Build.0 = Debug|Any CPU
		{B3C86562-7716-4CB5-85E8-3B1D599A93F6}.AppStore|x86.Deploy.0 = Debug|Any CPU
		{B3C86562-7716-4CB5-85E8-3B1D599A93F6}.Debug|Any CPU.ActiveCfg = Debug|Any CPU
		{B3C86562-7716-4CB5-85E8-3B1D599A93F6}.Debug|Any CPU.Build.0 = Debug|Any CPU
		{B3C86562-7716-4CB5-85E8-3B1D599A93F6}.Debug|Any CPU.Deploy.0 = Debug|Any CPU
		{B3C86562-7716-4CB5-85E8-3B1D599A93F6}.Debug|ARM.ActiveCfg = Debug|Any CPU
		{B3C86562-7716-4CB5-85E8-3B1D599A93F6}.Debug|ARM.Build.0 = Debug|Any CPU
		{B3C86562-7716-4CB5-85E8-3B1D599A93F6}.Debug|ARM.Deploy.0 = Debug|Any CPU
		{B3C86562-7716-4CB5-85E8-3B1D599A93F6}.Debug|ARM64.ActiveCfg = Debug|Any CPU
		{B3C86562-7716-4CB5-85E8-3B1D599A93F6}.Debug|ARM64.Build.0 = Debug|Any CPU
		{B3C86562-7716-4CB5-85E8-3B1D599A93F6}.Debug|ARM64.Deploy.0 = Debug|Any CPU
		{B3C86562-7716-4CB5-85E8-3B1D599A93F6}.Debug|iPhone.ActiveCfg = Debug|Any CPU
		{B3C86562-7716-4CB5-85E8-3B1D599A93F6}.Debug|iPhone.Build.0 = Debug|Any CPU
		{B3C86562-7716-4CB5-85E8-3B1D599A93F6}.Debug|iPhone.Deploy.0 = Debug|Any CPU
		{B3C86562-7716-4CB5-85E8-3B1D599A93F6}.Debug|iPhoneSimulator.ActiveCfg = Debug|Any CPU
		{B3C86562-7716-4CB5-85E8-3B1D599A93F6}.Debug|iPhoneSimulator.Build.0 = Debug|Any CPU
		{B3C86562-7716-4CB5-85E8-3B1D599A93F6}.Debug|iPhoneSimulator.Deploy.0 = Debug|Any CPU
		{B3C86562-7716-4CB5-85E8-3B1D599A93F6}.Debug|x64.ActiveCfg = Debug|Any CPU
		{B3C86562-7716-4CB5-85E8-3B1D599A93F6}.Debug|x64.Build.0 = Debug|Any CPU
		{B3C86562-7716-4CB5-85E8-3B1D599A93F6}.Debug|x64.Deploy.0 = Debug|Any CPU
		{B3C86562-7716-4CB5-85E8-3B1D599A93F6}.Debug|x86.ActiveCfg = Debug|Any CPU
		{B3C86562-7716-4CB5-85E8-3B1D599A93F6}.Debug|x86.Build.0 = Debug|Any CPU
		{B3C86562-7716-4CB5-85E8-3B1D599A93F6}.Debug|x86.Deploy.0 = Debug|Any CPU
		{B3C86562-7716-4CB5-85E8-3B1D599A93F6}.Release|Any CPU.ActiveCfg = Release|Any CPU
		{B3C86562-7716-4CB5-85E8-3B1D599A93F6}.Release|Any CPU.Build.0 = Release|Any CPU
		{B3C86562-7716-4CB5-85E8-3B1D599A93F6}.Release|Any CPU.Deploy.0 = Release|Any CPU
		{B3C86562-7716-4CB5-85E8-3B1D599A93F6}.Release|ARM.ActiveCfg = Release|Any CPU
		{B3C86562-7716-4CB5-85E8-3B1D599A93F6}.Release|ARM.Build.0 = Release|Any CPU
		{B3C86562-7716-4CB5-85E8-3B1D599A93F6}.Release|ARM.Deploy.0 = Release|Any CPU
		{B3C86562-7716-4CB5-85E8-3B1D599A93F6}.Release|ARM64.ActiveCfg = Release|Any CPU
		{B3C86562-7716-4CB5-85E8-3B1D599A93F6}.Release|ARM64.Build.0 = Release|Any CPU
		{B3C86562-7716-4CB5-85E8-3B1D599A93F6}.Release|ARM64.Deploy.0 = Release|Any CPU
		{B3C86562-7716-4CB5-85E8-3B1D599A93F6}.Release|iPhone.ActiveCfg = Release|Any CPU
		{B3C86562-7716-4CB5-85E8-3B1D599A93F6}.Release|iPhone.Build.0 = Release|Any CPU
		{B3C86562-7716-4CB5-85E8-3B1D599A93F6}.Release|iPhone.Deploy.0 = Release|Any CPU
		{B3C86562-7716-4CB5-85E8-3B1D599A93F6}.Release|iPhoneSimulator.ActiveCfg = Release|Any CPU
		{B3C86562-7716-4CB5-85E8-3B1D599A93F6}.Release|iPhoneSimulator.Build.0 = Release|Any CPU
		{B3C86562-7716-4CB5-85E8-3B1D599A93F6}.Release|iPhoneSimulator.Deploy.0 = Release|Any CPU
		{B3C86562-7716-4CB5-85E8-3B1D599A93F6}.Release|x64.ActiveCfg = Release|Any CPU
		{B3C86562-7716-4CB5-85E8-3B1D599A93F6}.Release|x64.Build.0 = Release|Any CPU
		{B3C86562-7716-4CB5-85E8-3B1D599A93F6}.Release|x64.Deploy.0 = Release|Any CPU
		{B3C86562-7716-4CB5-85E8-3B1D599A93F6}.Release|x86.ActiveCfg = Release|Any CPU
		{B3C86562-7716-4CB5-85E8-3B1D599A93F6}.Release|x86.Build.0 = Release|Any CPU
		{B3C86562-7716-4CB5-85E8-3B1D599A93F6}.Release|x86.Deploy.0 = Release|Any CPU
		{DEE5E455-7FCD-44E3-BC69-1B668039B64C}.Ad-Hoc|Any CPU.ActiveCfg = Ad-Hoc|iPhoneSimulator
		{DEE5E455-7FCD-44E3-BC69-1B668039B64C}.Ad-Hoc|ARM.ActiveCfg = Ad-Hoc|iPhoneSimulator
		{DEE5E455-7FCD-44E3-BC69-1B668039B64C}.Ad-Hoc|ARM64.ActiveCfg = Ad-Hoc|iPhoneSimulator
		{DEE5E455-7FCD-44E3-BC69-1B668039B64C}.Ad-Hoc|iPhone.ActiveCfg = Ad-Hoc|iPhone
		{DEE5E455-7FCD-44E3-BC69-1B668039B64C}.Ad-Hoc|iPhone.Build.0 = Ad-Hoc|iPhone
		{DEE5E455-7FCD-44E3-BC69-1B668039B64C}.Ad-Hoc|iPhoneSimulator.ActiveCfg = Ad-Hoc|iPhoneSimulator
		{DEE5E455-7FCD-44E3-BC69-1B668039B64C}.Ad-Hoc|iPhoneSimulator.Build.0 = Ad-Hoc|iPhoneSimulator
		{DEE5E455-7FCD-44E3-BC69-1B668039B64C}.Ad-Hoc|x64.ActiveCfg = Ad-Hoc|iPhoneSimulator
		{DEE5E455-7FCD-44E3-BC69-1B668039B64C}.Ad-Hoc|x86.ActiveCfg = Ad-Hoc|iPhoneSimulator
		{DEE5E455-7FCD-44E3-BC69-1B668039B64C}.AppStore|Any CPU.ActiveCfg = AppStore|iPhoneSimulator
		{DEE5E455-7FCD-44E3-BC69-1B668039B64C}.AppStore|ARM.ActiveCfg = AppStore|iPhoneSimulator
		{DEE5E455-7FCD-44E3-BC69-1B668039B64C}.AppStore|ARM64.ActiveCfg = AppStore|iPhoneSimulator
		{DEE5E455-7FCD-44E3-BC69-1B668039B64C}.AppStore|iPhone.ActiveCfg = AppStore|iPhone
		{DEE5E455-7FCD-44E3-BC69-1B668039B64C}.AppStore|iPhone.Build.0 = AppStore|iPhone
		{DEE5E455-7FCD-44E3-BC69-1B668039B64C}.AppStore|iPhoneSimulator.ActiveCfg = AppStore|iPhoneSimulator
		{DEE5E455-7FCD-44E3-BC69-1B668039B64C}.AppStore|iPhoneSimulator.Build.0 = AppStore|iPhoneSimulator
		{DEE5E455-7FCD-44E3-BC69-1B668039B64C}.AppStore|x64.ActiveCfg = AppStore|iPhoneSimulator
		{DEE5E455-7FCD-44E3-BC69-1B668039B64C}.AppStore|x86.ActiveCfg = AppStore|iPhoneSimulator
		{DEE5E455-7FCD-44E3-BC69-1B668039B64C}.Debug|Any CPU.ActiveCfg = Debug|iPhoneSimulator
		{DEE5E455-7FCD-44E3-BC69-1B668039B64C}.Debug|ARM.ActiveCfg = Debug|iPhoneSimulator
		{DEE5E455-7FCD-44E3-BC69-1B668039B64C}.Debug|ARM64.ActiveCfg = Debug|iPhoneSimulator
		{DEE5E455-7FCD-44E3-BC69-1B668039B64C}.Debug|iPhone.ActiveCfg = Debug|iPhone
		{DEE5E455-7FCD-44E3-BC69-1B668039B64C}.Debug|iPhone.Build.0 = Debug|iPhone
		{DEE5E455-7FCD-44E3-BC69-1B668039B64C}.Debug|iPhoneSimulator.ActiveCfg = Debug|iPhoneSimulator
		{DEE5E455-7FCD-44E3-BC69-1B668039B64C}.Debug|iPhoneSimulator.Build.0 = Debug|iPhoneSimulator
		{DEE5E455-7FCD-44E3-BC69-1B668039B64C}.Debug|x64.ActiveCfg = Debug|iPhoneSimulator
		{DEE5E455-7FCD-44E3-BC69-1B668039B64C}.Debug|x86.ActiveCfg = Debug|iPhoneSimulator
		{DEE5E455-7FCD-44E3-BC69-1B668039B64C}.Release|Any CPU.ActiveCfg = Release|iPhoneSimulator
		{DEE5E455-7FCD-44E3-BC69-1B668039B64C}.Release|ARM.ActiveCfg = Release|iPhoneSimulator
		{DEE5E455-7FCD-44E3-BC69-1B668039B64C}.Release|ARM64.ActiveCfg = Release|iPhoneSimulator
		{DEE5E455-7FCD-44E3-BC69-1B668039B64C}.Release|iPhone.ActiveCfg = Release|iPhone
		{DEE5E455-7FCD-44E3-BC69-1B668039B64C}.Release|iPhone.Build.0 = Release|iPhone
		{DEE5E455-7FCD-44E3-BC69-1B668039B64C}.Release|iPhoneSimulator.ActiveCfg = Release|iPhoneSimulator
		{DEE5E455-7FCD-44E3-BC69-1B668039B64C}.Release|iPhoneSimulator.Build.0 = Release|iPhoneSimulator
		{DEE5E455-7FCD-44E3-BC69-1B668039B64C}.Release|x64.ActiveCfg = Release|iPhoneSimulator
		{DEE5E455-7FCD-44E3-BC69-1B668039B64C}.Release|x86.ActiveCfg = Release|iPhoneSimulator
		{B7865B6A-E657-4848-B871-225D6CE84C21}.Ad-Hoc|Any CPU.ActiveCfg = Debug|x86
		{B7865B6A-E657-4848-B871-225D6CE84C21}.Ad-Hoc|Any CPU.Build.0 = Debug|x86
		{B7865B6A-E657-4848-B871-225D6CE84C21}.Ad-Hoc|Any CPU.Deploy.0 = Debug|x86
		{B7865B6A-E657-4848-B871-225D6CE84C21}.Ad-Hoc|ARM.ActiveCfg = Debug|ARM
		{B7865B6A-E657-4848-B871-225D6CE84C21}.Ad-Hoc|ARM.Build.0 = Debug|ARM
		{B7865B6A-E657-4848-B871-225D6CE84C21}.Ad-Hoc|ARM.Deploy.0 = Debug|ARM
		{B7865B6A-E657-4848-B871-225D6CE84C21}.Ad-Hoc|ARM64.ActiveCfg = Debug|ARM64
		{B7865B6A-E657-4848-B871-225D6CE84C21}.Ad-Hoc|ARM64.Build.0 = Debug|ARM64
		{B7865B6A-E657-4848-B871-225D6CE84C21}.Ad-Hoc|ARM64.Deploy.0 = Debug|ARM64
		{B7865B6A-E657-4848-B871-225D6CE84C21}.Ad-Hoc|iPhone.ActiveCfg = Debug|x86
		{B7865B6A-E657-4848-B871-225D6CE84C21}.Ad-Hoc|iPhone.Build.0 = Debug|x86
		{B7865B6A-E657-4848-B871-225D6CE84C21}.Ad-Hoc|iPhone.Deploy.0 = Debug|x86
		{B7865B6A-E657-4848-B871-225D6CE84C21}.Ad-Hoc|iPhoneSimulator.ActiveCfg = Debug|x86
		{B7865B6A-E657-4848-B871-225D6CE84C21}.Ad-Hoc|iPhoneSimulator.Build.0 = Debug|x86
		{B7865B6A-E657-4848-B871-225D6CE84C21}.Ad-Hoc|iPhoneSimulator.Deploy.0 = Debug|x86
		{B7865B6A-E657-4848-B871-225D6CE84C21}.Ad-Hoc|x64.ActiveCfg = Debug|x64
		{B7865B6A-E657-4848-B871-225D6CE84C21}.Ad-Hoc|x64.Build.0 = Debug|x64
		{B7865B6A-E657-4848-B871-225D6CE84C21}.Ad-Hoc|x64.Deploy.0 = Debug|x64
		{B7865B6A-E657-4848-B871-225D6CE84C21}.Ad-Hoc|x86.ActiveCfg = Debug|x86
		{B7865B6A-E657-4848-B871-225D6CE84C21}.Ad-Hoc|x86.Build.0 = Debug|x86
		{B7865B6A-E657-4848-B871-225D6CE84C21}.Ad-Hoc|x86.Deploy.0 = Debug|x86
		{B7865B6A-E657-4848-B871-225D6CE84C21}.AppStore|Any CPU.ActiveCfg = Debug|x86
		{B7865B6A-E657-4848-B871-225D6CE84C21}.AppStore|Any CPU.Build.0 = Debug|x86
		{B7865B6A-E657-4848-B871-225D6CE84C21}.AppStore|Any CPU.Deploy.0 = Debug|x86
		{B7865B6A-E657-4848-B871-225D6CE84C21}.AppStore|ARM.ActiveCfg = Debug|ARM
		{B7865B6A-E657-4848-B871-225D6CE84C21}.AppStore|ARM.Build.0 = Debug|ARM
		{B7865B6A-E657-4848-B871-225D6CE84C21}.AppStore|ARM.Deploy.0 = Debug|ARM
		{B7865B6A-E657-4848-B871-225D6CE84C21}.AppStore|ARM64.ActiveCfg = Debug|ARM64
		{B7865B6A-E657-4848-B871-225D6CE84C21}.AppStore|ARM64.Build.0 = Debug|ARM64
		{B7865B6A-E657-4848-B871-225D6CE84C21}.AppStore|ARM64.Deploy.0 = Debug|ARM64
		{B7865B6A-E657-4848-B871-225D6CE84C21}.AppStore|iPhone.ActiveCfg = Debug|x86
		{B7865B6A-E657-4848-B871-225D6CE84C21}.AppStore|iPhone.Build.0 = Debug|x86
		{B7865B6A-E657-4848-B871-225D6CE84C21}.AppStore|iPhone.Deploy.0 = Debug|x86
		{B7865B6A-E657-4848-B871-225D6CE84C21}.AppStore|iPhoneSimulator.ActiveCfg = Debug|x86
		{B7865B6A-E657-4848-B871-225D6CE84C21}.AppStore|iPhoneSimulator.Build.0 = Debug|x86
		{B7865B6A-E657-4848-B871-225D6CE84C21}.AppStore|iPhoneSimulator.Deploy.0 = Debug|x86
		{B7865B6A-E657-4848-B871-225D6CE84C21}.AppStore|x64.ActiveCfg = Debug|x64
		{B7865B6A-E657-4848-B871-225D6CE84C21}.AppStore|x64.Build.0 = Debug|x64
		{B7865B6A-E657-4848-B871-225D6CE84C21}.AppStore|x64.Deploy.0 = Debug|x64
		{B7865B6A-E657-4848-B871-225D6CE84C21}.AppStore|x86.ActiveCfg = Debug|x86
		{B7865B6A-E657-4848-B871-225D6CE84C21}.AppStore|x86.Build.0 = Debug|x86
		{B7865B6A-E657-4848-B871-225D6CE84C21}.AppStore|x86.Deploy.0 = Debug|x86
		{B7865B6A-E657-4848-B871-225D6CE84C21}.Debug|Any CPU.ActiveCfg = Debug|x86
		{B7865B6A-E657-4848-B871-225D6CE84C21}.Debug|ARM.ActiveCfg = Debug|ARM
		{B7865B6A-E657-4848-B871-225D6CE84C21}.Debug|ARM.Build.0 = Debug|ARM
		{B7865B6A-E657-4848-B871-225D6CE84C21}.Debug|ARM.Deploy.0 = Debug|ARM
		{B7865B6A-E657-4848-B871-225D6CE84C21}.Debug|ARM64.ActiveCfg = Debug|ARM64
		{B7865B6A-E657-4848-B871-225D6CE84C21}.Debug|ARM64.Build.0 = Debug|ARM64
		{B7865B6A-E657-4848-B871-225D6CE84C21}.Debug|ARM64.Deploy.0 = Debug|ARM64
		{B7865B6A-E657-4848-B871-225D6CE84C21}.Debug|iPhone.ActiveCfg = Debug|x86
		{B7865B6A-E657-4848-B871-225D6CE84C21}.Debug|iPhoneSimulator.ActiveCfg = Debug|x86
		{B7865B6A-E657-4848-B871-225D6CE84C21}.Debug|x64.ActiveCfg = Debug|x64
		{B7865B6A-E657-4848-B871-225D6CE84C21}.Debug|x64.Build.0 = Debug|x64
		{B7865B6A-E657-4848-B871-225D6CE84C21}.Debug|x64.Deploy.0 = Debug|x64
		{B7865B6A-E657-4848-B871-225D6CE84C21}.Debug|x86.ActiveCfg = Debug|x86
		{B7865B6A-E657-4848-B871-225D6CE84C21}.Debug|x86.Build.0 = Debug|x86
		{B7865B6A-E657-4848-B871-225D6CE84C21}.Debug|x86.Deploy.0 = Debug|x86
		{B7865B6A-E657-4848-B871-225D6CE84C21}.Release|Any CPU.ActiveCfg = Release|x86
		{B7865B6A-E657-4848-B871-225D6CE84C21}.Release|ARM.ActiveCfg = Release|ARM
		{B7865B6A-E657-4848-B871-225D6CE84C21}.Release|ARM.Build.0 = Release|ARM
		{B7865B6A-E657-4848-B871-225D6CE84C21}.Release|ARM.Deploy.0 = Release|ARM
		{B7865B6A-E657-4848-B871-225D6CE84C21}.Release|ARM64.ActiveCfg = Release|ARM64
		{B7865B6A-E657-4848-B871-225D6CE84C21}.Release|ARM64.Build.0 = Release|ARM64
		{B7865B6A-E657-4848-B871-225D6CE84C21}.Release|ARM64.Deploy.0 = Release|ARM64
		{B7865B6A-E657-4848-B871-225D6CE84C21}.Release|iPhone.ActiveCfg = Release|x86
		{B7865B6A-E657-4848-B871-225D6CE84C21}.Release|iPhoneSimulator.ActiveCfg = Release|x86
		{B7865B6A-E657-4848-B871-225D6CE84C21}.Release|x64.ActiveCfg = Release|x64
		{B7865B6A-E657-4848-B871-225D6CE84C21}.Release|x64.Build.0 = Release|x64
		{B7865B6A-E657-4848-B871-225D6CE84C21}.Release|x64.Deploy.0 = Release|x64
		{B7865B6A-E657-4848-B871-225D6CE84C21}.Release|x86.ActiveCfg = Release|x86
		{B7865B6A-E657-4848-B871-225D6CE84C21}.Release|x86.Build.0 = Release|x86
		{B7865B6A-E657-4848-B871-225D6CE84C21}.Release|x86.Deploy.0 = Release|x86
		{DCA3FD13-2C53-42D9-AC0A-55EEB28DA8A4}.Ad-Hoc|Any CPU.ActiveCfg = Release|Any CPU
		{DCA3FD13-2C53-42D9-AC0A-55EEB28DA8A4}.Ad-Hoc|Any CPU.Build.0 = Release|Any CPU
		{DCA3FD13-2C53-42D9-AC0A-55EEB28DA8A4}.Ad-Hoc|ARM.ActiveCfg = Release|Any CPU
		{DCA3FD13-2C53-42D9-AC0A-55EEB28DA8A4}.Ad-Hoc|ARM.Build.0 = Release|Any CPU
		{DCA3FD13-2C53-42D9-AC0A-55EEB28DA8A4}.Ad-Hoc|ARM64.ActiveCfg = Release|Any CPU
		{DCA3FD13-2C53-42D9-AC0A-55EEB28DA8A4}.Ad-Hoc|ARM64.Build.0 = Release|Any CPU
		{DCA3FD13-2C53-42D9-AC0A-55EEB28DA8A4}.Ad-Hoc|iPhone.ActiveCfg = Release|Any CPU
		{DCA3FD13-2C53-42D9-AC0A-55EEB28DA8A4}.Ad-Hoc|iPhone.Build.0 = Release|Any CPU
		{DCA3FD13-2C53-42D9-AC0A-55EEB28DA8A4}.Ad-Hoc|iPhoneSimulator.ActiveCfg = Release|Any CPU
		{DCA3FD13-2C53-42D9-AC0A-55EEB28DA8A4}.Ad-Hoc|iPhoneSimulator.Build.0 = Release|Any CPU
		{DCA3FD13-2C53-42D9-AC0A-55EEB28DA8A4}.Ad-Hoc|x64.ActiveCfg = Release|Any CPU
		{DCA3FD13-2C53-42D9-AC0A-55EEB28DA8A4}.Ad-Hoc|x64.Build.0 = Release|Any CPU
		{DCA3FD13-2C53-42D9-AC0A-55EEB28DA8A4}.Ad-Hoc|x86.ActiveCfg = Release|Any CPU
		{DCA3FD13-2C53-42D9-AC0A-55EEB28DA8A4}.Ad-Hoc|x86.Build.0 = Release|Any CPU
		{DCA3FD13-2C53-42D9-AC0A-55EEB28DA8A4}.AppStore|Any CPU.ActiveCfg = Release|Any CPU
		{DCA3FD13-2C53-42D9-AC0A-55EEB28DA8A4}.AppStore|Any CPU.Build.0 = Release|Any CPU
		{DCA3FD13-2C53-42D9-AC0A-55EEB28DA8A4}.AppStore|ARM.ActiveCfg = Release|Any CPU
		{DCA3FD13-2C53-42D9-AC0A-55EEB28DA8A4}.AppStore|ARM.Build.0 = Release|Any CPU
		{DCA3FD13-2C53-42D9-AC0A-55EEB28DA8A4}.AppStore|ARM64.ActiveCfg = Release|Any CPU
		{DCA3FD13-2C53-42D9-AC0A-55EEB28DA8A4}.AppStore|ARM64.Build.0 = Release|Any CPU
		{DCA3FD13-2C53-42D9-AC0A-55EEB28DA8A4}.AppStore|iPhone.ActiveCfg = Release|Any CPU
		{DCA3FD13-2C53-42D9-AC0A-55EEB28DA8A4}.AppStore|iPhone.Build.0 = Release|Any CPU
		{DCA3FD13-2C53-42D9-AC0A-55EEB28DA8A4}.AppStore|iPhoneSimulator.ActiveCfg = Release|Any CPU
		{DCA3FD13-2C53-42D9-AC0A-55EEB28DA8A4}.AppStore|iPhoneSimulator.Build.0 = Release|Any CPU
		{DCA3FD13-2C53-42D9-AC0A-55EEB28DA8A4}.AppStore|x64.ActiveCfg = Release|Any CPU
		{DCA3FD13-2C53-42D9-AC0A-55EEB28DA8A4}.AppStore|x64.Build.0 = Release|Any CPU
		{DCA3FD13-2C53-42D9-AC0A-55EEB28DA8A4}.AppStore|x86.ActiveCfg = Release|Any CPU
		{DCA3FD13-2C53-42D9-AC0A-55EEB28DA8A4}.AppStore|x86.Build.0 = Release|Any CPU
		{DCA3FD13-2C53-42D9-AC0A-55EEB28DA8A4}.Debug|Any CPU.ActiveCfg = Debug|Any CPU
		{DCA3FD13-2C53-42D9-AC0A-55EEB28DA8A4}.Debug|Any CPU.Build.0 = Debug|Any CPU
		{DCA3FD13-2C53-42D9-AC0A-55EEB28DA8A4}.Debug|ARM.ActiveCfg = Debug|Any CPU
		{DCA3FD13-2C53-42D9-AC0A-55EEB28DA8A4}.Debug|ARM.Build.0 = Debug|Any CPU
		{DCA3FD13-2C53-42D9-AC0A-55EEB28DA8A4}.Debug|ARM64.ActiveCfg = Debug|Any CPU
		{DCA3FD13-2C53-42D9-AC0A-55EEB28DA8A4}.Debug|ARM64.Build.0 = Debug|Any CPU
		{DCA3FD13-2C53-42D9-AC0A-55EEB28DA8A4}.Debug|iPhone.ActiveCfg = Debug|Any CPU
		{DCA3FD13-2C53-42D9-AC0A-55EEB28DA8A4}.Debug|iPhone.Build.0 = Debug|Any CPU
		{DCA3FD13-2C53-42D9-AC0A-55EEB28DA8A4}.Debug|iPhoneSimulator.ActiveCfg = Debug|Any CPU
		{DCA3FD13-2C53-42D9-AC0A-55EEB28DA8A4}.Debug|iPhoneSimulator.Build.0 = Debug|Any CPU
		{DCA3FD13-2C53-42D9-AC0A-55EEB28DA8A4}.Debug|x64.ActiveCfg = Debug|Any CPU
		{DCA3FD13-2C53-42D9-AC0A-55EEB28DA8A4}.Debug|x64.Build.0 = Debug|Any CPU
		{DCA3FD13-2C53-42D9-AC0A-55EEB28DA8A4}.Debug|x86.ActiveCfg = Debug|Any CPU
		{DCA3FD13-2C53-42D9-AC0A-55EEB28DA8A4}.Debug|x86.Build.0 = Debug|Any CPU
		{DCA3FD13-2C53-42D9-AC0A-55EEB28DA8A4}.Release|Any CPU.ActiveCfg = Release|Any CPU
		{DCA3FD13-2C53-42D9-AC0A-55EEB28DA8A4}.Release|Any CPU.Build.0 = Release|Any CPU
		{DCA3FD13-2C53-42D9-AC0A-55EEB28DA8A4}.Release|ARM.ActiveCfg = Release|Any CPU
		{DCA3FD13-2C53-42D9-AC0A-55EEB28DA8A4}.Release|ARM.Build.0 = Release|Any CPU
		{DCA3FD13-2C53-42D9-AC0A-55EEB28DA8A4}.Release|ARM64.ActiveCfg = Release|Any CPU
		{DCA3FD13-2C53-42D9-AC0A-55EEB28DA8A4}.Release|ARM64.Build.0 = Release|Any CPU
		{DCA3FD13-2C53-42D9-AC0A-55EEB28DA8A4}.Release|iPhone.ActiveCfg = Release|Any CPU
		{DCA3FD13-2C53-42D9-AC0A-55EEB28DA8A4}.Release|iPhone.Build.0 = Release|Any CPU
		{DCA3FD13-2C53-42D9-AC0A-55EEB28DA8A4}.Release|iPhoneSimulator.ActiveCfg = Release|Any CPU
		{DCA3FD13-2C53-42D9-AC0A-55EEB28DA8A4}.Release|iPhoneSimulator.Build.0 = Release|Any CPU
		{DCA3FD13-2C53-42D9-AC0A-55EEB28DA8A4}.Release|x64.ActiveCfg = Release|Any CPU
		{DCA3FD13-2C53-42D9-AC0A-55EEB28DA8A4}.Release|x64.Build.0 = Release|Any CPU
		{DCA3FD13-2C53-42D9-AC0A-55EEB28DA8A4}.Release|x86.ActiveCfg = Release|Any CPU
		{DCA3FD13-2C53-42D9-AC0A-55EEB28DA8A4}.Release|x86.Build.0 = Release|Any CPU
		{60C16A3D-16CA-4091-9CC8-B6744C60F69B}.Ad-Hoc|Any CPU.ActiveCfg = Debug|iPhoneSimulator
		{60C16A3D-16CA-4091-9CC8-B6744C60F69B}.Ad-Hoc|Any CPU.Build.0 = Debug|iPhoneSimulator
		{60C16A3D-16CA-4091-9CC8-B6744C60F69B}.Ad-Hoc|ARM.ActiveCfg = Debug|iPhoneSimulator
		{60C16A3D-16CA-4091-9CC8-B6744C60F69B}.Ad-Hoc|ARM.Build.0 = Debug|iPhoneSimulator
		{60C16A3D-16CA-4091-9CC8-B6744C60F69B}.Ad-Hoc|ARM64.ActiveCfg = Debug|iPhoneSimulator
		{60C16A3D-16CA-4091-9CC8-B6744C60F69B}.Ad-Hoc|ARM64.Build.0 = Debug|iPhoneSimulator
		{60C16A3D-16CA-4091-9CC8-B6744C60F69B}.Ad-Hoc|iPhone.ActiveCfg = Debug|iPhoneSimulator
		{60C16A3D-16CA-4091-9CC8-B6744C60F69B}.Ad-Hoc|iPhone.Build.0 = Debug|iPhoneSimulator
		{60C16A3D-16CA-4091-9CC8-B6744C60F69B}.Ad-Hoc|iPhoneSimulator.ActiveCfg = Debug|iPhoneSimulator
		{60C16A3D-16CA-4091-9CC8-B6744C60F69B}.Ad-Hoc|iPhoneSimulator.Build.0 = Debug|iPhoneSimulator
		{60C16A3D-16CA-4091-9CC8-B6744C60F69B}.Ad-Hoc|x64.ActiveCfg = Debug|iPhoneSimulator
		{60C16A3D-16CA-4091-9CC8-B6744C60F69B}.Ad-Hoc|x64.Build.0 = Debug|iPhoneSimulator
		{60C16A3D-16CA-4091-9CC8-B6744C60F69B}.Ad-Hoc|x86.ActiveCfg = Debug|iPhoneSimulator
		{60C16A3D-16CA-4091-9CC8-B6744C60F69B}.Ad-Hoc|x86.Build.0 = Debug|iPhoneSimulator
		{60C16A3D-16CA-4091-9CC8-B6744C60F69B}.AppStore|Any CPU.ActiveCfg = Debug|iPhoneSimulator
		{60C16A3D-16CA-4091-9CC8-B6744C60F69B}.AppStore|Any CPU.Build.0 = Debug|iPhoneSimulator
		{60C16A3D-16CA-4091-9CC8-B6744C60F69B}.AppStore|ARM.ActiveCfg = Debug|iPhoneSimulator
		{60C16A3D-16CA-4091-9CC8-B6744C60F69B}.AppStore|ARM.Build.0 = Debug|iPhoneSimulator
		{60C16A3D-16CA-4091-9CC8-B6744C60F69B}.AppStore|ARM64.ActiveCfg = Debug|iPhoneSimulator
		{60C16A3D-16CA-4091-9CC8-B6744C60F69B}.AppStore|ARM64.Build.0 = Debug|iPhoneSimulator
		{60C16A3D-16CA-4091-9CC8-B6744C60F69B}.AppStore|iPhone.ActiveCfg = Debug|iPhoneSimulator
		{60C16A3D-16CA-4091-9CC8-B6744C60F69B}.AppStore|iPhone.Build.0 = Debug|iPhoneSimulator
		{60C16A3D-16CA-4091-9CC8-B6744C60F69B}.AppStore|iPhoneSimulator.ActiveCfg = Debug|iPhoneSimulator
		{60C16A3D-16CA-4091-9CC8-B6744C60F69B}.AppStore|iPhoneSimulator.Build.0 = Debug|iPhoneSimulator
		{60C16A3D-16CA-4091-9CC8-B6744C60F69B}.AppStore|x64.ActiveCfg = Debug|iPhoneSimulator
		{60C16A3D-16CA-4091-9CC8-B6744C60F69B}.AppStore|x64.Build.0 = Debug|iPhoneSimulator
		{60C16A3D-16CA-4091-9CC8-B6744C60F69B}.AppStore|x86.ActiveCfg = Debug|iPhoneSimulator
		{60C16A3D-16CA-4091-9CC8-B6744C60F69B}.AppStore|x86.Build.0 = Debug|iPhoneSimulator
		{60C16A3D-16CA-4091-9CC8-B6744C60F69B}.Debug|Any CPU.ActiveCfg = Debug|iPhoneSimulator
		{60C16A3D-16CA-4091-9CC8-B6744C60F69B}.Debug|ARM.ActiveCfg = Debug|iPhoneSimulator
		{60C16A3D-16CA-4091-9CC8-B6744C60F69B}.Debug|ARM64.ActiveCfg = Debug|iPhoneSimulator
		{60C16A3D-16CA-4091-9CC8-B6744C60F69B}.Debug|iPhone.ActiveCfg = Debug|iPhoneSimulator
		{60C16A3D-16CA-4091-9CC8-B6744C60F69B}.Debug|iPhoneSimulator.ActiveCfg = Debug|iPhoneSimulator
		{60C16A3D-16CA-4091-9CC8-B6744C60F69B}.Debug|iPhoneSimulator.Build.0 = Debug|iPhoneSimulator
		{60C16A3D-16CA-4091-9CC8-B6744C60F69B}.Debug|x64.ActiveCfg = Debug|iPhoneSimulator
		{60C16A3D-16CA-4091-9CC8-B6744C60F69B}.Debug|x86.ActiveCfg = Debug|iPhoneSimulator
		{60C16A3D-16CA-4091-9CC8-B6744C60F69B}.Release|Any CPU.ActiveCfg = Release|iPhoneSimulator
		{60C16A3D-16CA-4091-9CC8-B6744C60F69B}.Release|ARM.ActiveCfg = Release|iPhoneSimulator
		{60C16A3D-16CA-4091-9CC8-B6744C60F69B}.Release|ARM64.ActiveCfg = Release|iPhoneSimulator
		{60C16A3D-16CA-4091-9CC8-B6744C60F69B}.Release|iPhone.ActiveCfg = Release|iPhoneSimulator
		{60C16A3D-16CA-4091-9CC8-B6744C60F69B}.Release|iPhoneSimulator.ActiveCfg = Release|iPhoneSimulator
		{60C16A3D-16CA-4091-9CC8-B6744C60F69B}.Release|iPhoneSimulator.Build.0 = Release|iPhoneSimulator
		{60C16A3D-16CA-4091-9CC8-B6744C60F69B}.Release|x64.ActiveCfg = Release|iPhoneSimulator
		{60C16A3D-16CA-4091-9CC8-B6744C60F69B}.Release|x86.ActiveCfg = Release|iPhoneSimulator
		{AC55EB2C-2BA7-44B4-8365-FD4F63AA7F7F}.Ad-Hoc|Any CPU.ActiveCfg = Release|Any CPU
		{AC55EB2C-2BA7-44B4-8365-FD4F63AA7F7F}.Ad-Hoc|Any CPU.Build.0 = Release|Any CPU
		{AC55EB2C-2BA7-44B4-8365-FD4F63AA7F7F}.Ad-Hoc|ARM.ActiveCfg = Release|Any CPU
		{AC55EB2C-2BA7-44B4-8365-FD4F63AA7F7F}.Ad-Hoc|ARM.Build.0 = Release|Any CPU
		{AC55EB2C-2BA7-44B4-8365-FD4F63AA7F7F}.Ad-Hoc|ARM64.ActiveCfg = Release|Any CPU
		{AC55EB2C-2BA7-44B4-8365-FD4F63AA7F7F}.Ad-Hoc|ARM64.Build.0 = Release|Any CPU
		{AC55EB2C-2BA7-44B4-8365-FD4F63AA7F7F}.Ad-Hoc|iPhone.ActiveCfg = Release|Any CPU
		{AC55EB2C-2BA7-44B4-8365-FD4F63AA7F7F}.Ad-Hoc|iPhone.Build.0 = Release|Any CPU
		{AC55EB2C-2BA7-44B4-8365-FD4F63AA7F7F}.Ad-Hoc|iPhoneSimulator.ActiveCfg = Release|Any CPU
		{AC55EB2C-2BA7-44B4-8365-FD4F63AA7F7F}.Ad-Hoc|iPhoneSimulator.Build.0 = Release|Any CPU
		{AC55EB2C-2BA7-44B4-8365-FD4F63AA7F7F}.Ad-Hoc|x64.ActiveCfg = Release|Any CPU
		{AC55EB2C-2BA7-44B4-8365-FD4F63AA7F7F}.Ad-Hoc|x64.Build.0 = Release|Any CPU
		{AC55EB2C-2BA7-44B4-8365-FD4F63AA7F7F}.Ad-Hoc|x86.ActiveCfg = Release|Any CPU
		{AC55EB2C-2BA7-44B4-8365-FD4F63AA7F7F}.Ad-Hoc|x86.Build.0 = Release|Any CPU
		{AC55EB2C-2BA7-44B4-8365-FD4F63AA7F7F}.AppStore|Any CPU.ActiveCfg = Release|Any CPU
		{AC55EB2C-2BA7-44B4-8365-FD4F63AA7F7F}.AppStore|Any CPU.Build.0 = Release|Any CPU
		{AC55EB2C-2BA7-44B4-8365-FD4F63AA7F7F}.AppStore|ARM.ActiveCfg = Release|Any CPU
		{AC55EB2C-2BA7-44B4-8365-FD4F63AA7F7F}.AppStore|ARM.Build.0 = Release|Any CPU
		{AC55EB2C-2BA7-44B4-8365-FD4F63AA7F7F}.AppStore|ARM64.ActiveCfg = Release|Any CPU
		{AC55EB2C-2BA7-44B4-8365-FD4F63AA7F7F}.AppStore|ARM64.Build.0 = Release|Any CPU
		{AC55EB2C-2BA7-44B4-8365-FD4F63AA7F7F}.AppStore|iPhone.ActiveCfg = Release|Any CPU
		{AC55EB2C-2BA7-44B4-8365-FD4F63AA7F7F}.AppStore|iPhone.Build.0 = Release|Any CPU
		{AC55EB2C-2BA7-44B4-8365-FD4F63AA7F7F}.AppStore|iPhoneSimulator.ActiveCfg = Release|Any CPU
		{AC55EB2C-2BA7-44B4-8365-FD4F63AA7F7F}.AppStore|iPhoneSimulator.Build.0 = Release|Any CPU
		{AC55EB2C-2BA7-44B4-8365-FD4F63AA7F7F}.AppStore|x64.ActiveCfg = Release|Any CPU
		{AC55EB2C-2BA7-44B4-8365-FD4F63AA7F7F}.AppStore|x64.Build.0 = Release|Any CPU
		{AC55EB2C-2BA7-44B4-8365-FD4F63AA7F7F}.AppStore|x86.ActiveCfg = Release|Any CPU
		{AC55EB2C-2BA7-44B4-8365-FD4F63AA7F7F}.AppStore|x86.Build.0 = Release|Any CPU
		{AC55EB2C-2BA7-44B4-8365-FD4F63AA7F7F}.Debug|Any CPU.ActiveCfg = Debug|Any CPU
		{AC55EB2C-2BA7-44B4-8365-FD4F63AA7F7F}.Debug|Any CPU.Build.0 = Debug|Any CPU
		{AC55EB2C-2BA7-44B4-8365-FD4F63AA7F7F}.Debug|ARM.ActiveCfg = Debug|Any CPU
		{AC55EB2C-2BA7-44B4-8365-FD4F63AA7F7F}.Debug|ARM.Build.0 = Debug|Any CPU
		{AC55EB2C-2BA7-44B4-8365-FD4F63AA7F7F}.Debug|ARM64.ActiveCfg = Debug|Any CPU
		{AC55EB2C-2BA7-44B4-8365-FD4F63AA7F7F}.Debug|ARM64.Build.0 = Debug|Any CPU
		{AC55EB2C-2BA7-44B4-8365-FD4F63AA7F7F}.Debug|iPhone.ActiveCfg = Debug|Any CPU
		{AC55EB2C-2BA7-44B4-8365-FD4F63AA7F7F}.Debug|iPhone.Build.0 = Debug|Any CPU
		{AC55EB2C-2BA7-44B4-8365-FD4F63AA7F7F}.Debug|iPhoneSimulator.ActiveCfg = Debug|Any CPU
		{AC55EB2C-2BA7-44B4-8365-FD4F63AA7F7F}.Debug|iPhoneSimulator.Build.0 = Debug|Any CPU
		{AC55EB2C-2BA7-44B4-8365-FD4F63AA7F7F}.Debug|x64.ActiveCfg = Debug|Any CPU
		{AC55EB2C-2BA7-44B4-8365-FD4F63AA7F7F}.Debug|x64.Build.0 = Debug|Any CPU
		{AC55EB2C-2BA7-44B4-8365-FD4F63AA7F7F}.Debug|x86.ActiveCfg = Debug|Any CPU
		{AC55EB2C-2BA7-44B4-8365-FD4F63AA7F7F}.Debug|x86.Build.0 = Debug|Any CPU
		{AC55EB2C-2BA7-44B4-8365-FD4F63AA7F7F}.Release|Any CPU.ActiveCfg = Release|Any CPU
		{AC55EB2C-2BA7-44B4-8365-FD4F63AA7F7F}.Release|Any CPU.Build.0 = Release|Any CPU
		{AC55EB2C-2BA7-44B4-8365-FD4F63AA7F7F}.Release|ARM.ActiveCfg = Release|Any CPU
		{AC55EB2C-2BA7-44B4-8365-FD4F63AA7F7F}.Release|ARM.Build.0 = Release|Any CPU
		{AC55EB2C-2BA7-44B4-8365-FD4F63AA7F7F}.Release|ARM64.ActiveCfg = Release|Any CPU
		{AC55EB2C-2BA7-44B4-8365-FD4F63AA7F7F}.Release|ARM64.Build.0 = Release|Any CPU
		{AC55EB2C-2BA7-44B4-8365-FD4F63AA7F7F}.Release|iPhone.ActiveCfg = Release|Any CPU
		{AC55EB2C-2BA7-44B4-8365-FD4F63AA7F7F}.Release|iPhone.Build.0 = Release|Any CPU
		{AC55EB2C-2BA7-44B4-8365-FD4F63AA7F7F}.Release|iPhoneSimulator.ActiveCfg = Release|Any CPU
		{AC55EB2C-2BA7-44B4-8365-FD4F63AA7F7F}.Release|iPhoneSimulator.Build.0 = Release|Any CPU
		{AC55EB2C-2BA7-44B4-8365-FD4F63AA7F7F}.Release|x64.ActiveCfg = Release|Any CPU
		{AC55EB2C-2BA7-44B4-8365-FD4F63AA7F7F}.Release|x64.Build.0 = Release|Any CPU
		{AC55EB2C-2BA7-44B4-8365-FD4F63AA7F7F}.Release|x86.ActiveCfg = Release|Any CPU
		{AC55EB2C-2BA7-44B4-8365-FD4F63AA7F7F}.Release|x86.Build.0 = Release|Any CPU
		{770660D0-9E7B-48B1-8266-7D8F99990368}.Ad-Hoc|Any CPU.ActiveCfg = Release|Any CPU
		{770660D0-9E7B-48B1-8266-7D8F99990368}.Ad-Hoc|Any CPU.Build.0 = Release|Any CPU
		{770660D0-9E7B-48B1-8266-7D8F99990368}.Ad-Hoc|ARM.ActiveCfg = Release|Any CPU
		{770660D0-9E7B-48B1-8266-7D8F99990368}.Ad-Hoc|ARM.Build.0 = Release|Any CPU
		{770660D0-9E7B-48B1-8266-7D8F99990368}.Ad-Hoc|ARM64.ActiveCfg = Release|Any CPU
		{770660D0-9E7B-48B1-8266-7D8F99990368}.Ad-Hoc|ARM64.Build.0 = Release|Any CPU
		{770660D0-9E7B-48B1-8266-7D8F99990368}.Ad-Hoc|iPhone.ActiveCfg = Release|Any CPU
		{770660D0-9E7B-48B1-8266-7D8F99990368}.Ad-Hoc|iPhone.Build.0 = Release|Any CPU
		{770660D0-9E7B-48B1-8266-7D8F99990368}.Ad-Hoc|iPhoneSimulator.ActiveCfg = Release|Any CPU
		{770660D0-9E7B-48B1-8266-7D8F99990368}.Ad-Hoc|iPhoneSimulator.Build.0 = Release|Any CPU
		{770660D0-9E7B-48B1-8266-7D8F99990368}.Ad-Hoc|x64.ActiveCfg = Release|Any CPU
		{770660D0-9E7B-48B1-8266-7D8F99990368}.Ad-Hoc|x64.Build.0 = Release|Any CPU
		{770660D0-9E7B-48B1-8266-7D8F99990368}.Ad-Hoc|x86.ActiveCfg = Release|Any CPU
		{770660D0-9E7B-48B1-8266-7D8F99990368}.Ad-Hoc|x86.Build.0 = Release|Any CPU
		{770660D0-9E7B-48B1-8266-7D8F99990368}.AppStore|Any CPU.ActiveCfg = Release|Any CPU
		{770660D0-9E7B-48B1-8266-7D8F99990368}.AppStore|Any CPU.Build.0 = Release|Any CPU
		{770660D0-9E7B-48B1-8266-7D8F99990368}.AppStore|ARM.ActiveCfg = Release|Any CPU
		{770660D0-9E7B-48B1-8266-7D8F99990368}.AppStore|ARM.Build.0 = Release|Any CPU
		{770660D0-9E7B-48B1-8266-7D8F99990368}.AppStore|ARM64.ActiveCfg = Release|Any CPU
		{770660D0-9E7B-48B1-8266-7D8F99990368}.AppStore|ARM64.Build.0 = Release|Any CPU
		{770660D0-9E7B-48B1-8266-7D8F99990368}.AppStore|iPhone.ActiveCfg = Release|Any CPU
		{770660D0-9E7B-48B1-8266-7D8F99990368}.AppStore|iPhone.Build.0 = Release|Any CPU
		{770660D0-9E7B-48B1-8266-7D8F99990368}.AppStore|iPhoneSimulator.ActiveCfg = Release|Any CPU
		{770660D0-9E7B-48B1-8266-7D8F99990368}.AppStore|iPhoneSimulator.Build.0 = Release|Any CPU
		{770660D0-9E7B-48B1-8266-7D8F99990368}.AppStore|x64.ActiveCfg = Release|Any CPU
		{770660D0-9E7B-48B1-8266-7D8F99990368}.AppStore|x64.Build.0 = Release|Any CPU
		{770660D0-9E7B-48B1-8266-7D8F99990368}.AppStore|x86.ActiveCfg = Release|Any CPU
		{770660D0-9E7B-48B1-8266-7D8F99990368}.AppStore|x86.Build.0 = Release|Any CPU
		{770660D0-9E7B-48B1-8266-7D8F99990368}.Debug|Any CPU.ActiveCfg = Debug|Any CPU
		{770660D0-9E7B-48B1-8266-7D8F99990368}.Debug|Any CPU.Build.0 = Debug|Any CPU
		{770660D0-9E7B-48B1-8266-7D8F99990368}.Debug|ARM.ActiveCfg = Debug|Any CPU
		{770660D0-9E7B-48B1-8266-7D8F99990368}.Debug|ARM.Build.0 = Debug|Any CPU
		{770660D0-9E7B-48B1-8266-7D8F99990368}.Debug|ARM64.ActiveCfg = Debug|Any CPU
		{770660D0-9E7B-48B1-8266-7D8F99990368}.Debug|ARM64.Build.0 = Debug|Any CPU
		{770660D0-9E7B-48B1-8266-7D8F99990368}.Debug|iPhone.ActiveCfg = Debug|Any CPU
		{770660D0-9E7B-48B1-8266-7D8F99990368}.Debug|iPhone.Build.0 = Debug|Any CPU
		{770660D0-9E7B-48B1-8266-7D8F99990368}.Debug|iPhoneSimulator.ActiveCfg = Debug|Any CPU
		{770660D0-9E7B-48B1-8266-7D8F99990368}.Debug|iPhoneSimulator.Build.0 = Debug|Any CPU
		{770660D0-9E7B-48B1-8266-7D8F99990368}.Debug|x64.ActiveCfg = Debug|Any CPU
		{770660D0-9E7B-48B1-8266-7D8F99990368}.Debug|x64.Build.0 = Debug|Any CPU
		{770660D0-9E7B-48B1-8266-7D8F99990368}.Debug|x86.ActiveCfg = Debug|Any CPU
		{770660D0-9E7B-48B1-8266-7D8F99990368}.Debug|x86.Build.0 = Debug|Any CPU
		{770660D0-9E7B-48B1-8266-7D8F99990368}.Release|Any CPU.ActiveCfg = Release|Any CPU
		{770660D0-9E7B-48B1-8266-7D8F99990368}.Release|Any CPU.Build.0 = Release|Any CPU
		{770660D0-9E7B-48B1-8266-7D8F99990368}.Release|ARM.ActiveCfg = Release|Any CPU
		{770660D0-9E7B-48B1-8266-7D8F99990368}.Release|ARM.Build.0 = Release|Any CPU
		{770660D0-9E7B-48B1-8266-7D8F99990368}.Release|ARM64.ActiveCfg = Release|Any CPU
		{770660D0-9E7B-48B1-8266-7D8F99990368}.Release|ARM64.Build.0 = Release|Any CPU
		{770660D0-9E7B-48B1-8266-7D8F99990368}.Release|iPhone.ActiveCfg = Release|Any CPU
		{770660D0-9E7B-48B1-8266-7D8F99990368}.Release|iPhone.Build.0 = Release|Any CPU
		{770660D0-9E7B-48B1-8266-7D8F99990368}.Release|iPhoneSimulator.ActiveCfg = Release|Any CPU
		{770660D0-9E7B-48B1-8266-7D8F99990368}.Release|iPhoneSimulator.Build.0 = Release|Any CPU
		{770660D0-9E7B-48B1-8266-7D8F99990368}.Release|x64.ActiveCfg = Release|Any CPU
		{770660D0-9E7B-48B1-8266-7D8F99990368}.Release|x64.Build.0 = Release|Any CPU
		{770660D0-9E7B-48B1-8266-7D8F99990368}.Release|x86.ActiveCfg = Release|Any CPU
		{770660D0-9E7B-48B1-8266-7D8F99990368}.Release|x86.Build.0 = Release|Any CPU
		{FF1CEB7F-C898-4BD6-88D0-61A71554C730}.Ad-Hoc|Any CPU.ActiveCfg = Release|Any CPU
		{FF1CEB7F-C898-4BD6-88D0-61A71554C730}.Ad-Hoc|Any CPU.Build.0 = Release|Any CPU
		{FF1CEB7F-C898-4BD6-88D0-61A71554C730}.Ad-Hoc|ARM.ActiveCfg = Release|Any CPU
		{FF1CEB7F-C898-4BD6-88D0-61A71554C730}.Ad-Hoc|ARM.Build.0 = Release|Any CPU
		{FF1CEB7F-C898-4BD6-88D0-61A71554C730}.Ad-Hoc|ARM64.ActiveCfg = Release|Any CPU
		{FF1CEB7F-C898-4BD6-88D0-61A71554C730}.Ad-Hoc|ARM64.Build.0 = Release|Any CPU
		{FF1CEB7F-C898-4BD6-88D0-61A71554C730}.Ad-Hoc|iPhone.ActiveCfg = Release|Any CPU
		{FF1CEB7F-C898-4BD6-88D0-61A71554C730}.Ad-Hoc|iPhone.Build.0 = Release|Any CPU
		{FF1CEB7F-C898-4BD6-88D0-61A71554C730}.Ad-Hoc|iPhoneSimulator.ActiveCfg = Release|Any CPU
		{FF1CEB7F-C898-4BD6-88D0-61A71554C730}.Ad-Hoc|iPhoneSimulator.Build.0 = Release|Any CPU
		{FF1CEB7F-C898-4BD6-88D0-61A71554C730}.Ad-Hoc|x64.ActiveCfg = Release|Any CPU
		{FF1CEB7F-C898-4BD6-88D0-61A71554C730}.Ad-Hoc|x64.Build.0 = Release|Any CPU
		{FF1CEB7F-C898-4BD6-88D0-61A71554C730}.Ad-Hoc|x86.ActiveCfg = Release|Any CPU
		{FF1CEB7F-C898-4BD6-88D0-61A71554C730}.Ad-Hoc|x86.Build.0 = Release|Any CPU
		{FF1CEB7F-C898-4BD6-88D0-61A71554C730}.AppStore|Any CPU.ActiveCfg = Release|Any CPU
		{FF1CEB7F-C898-4BD6-88D0-61A71554C730}.AppStore|Any CPU.Build.0 = Release|Any CPU
		{FF1CEB7F-C898-4BD6-88D0-61A71554C730}.AppStore|ARM.ActiveCfg = Release|Any CPU
		{FF1CEB7F-C898-4BD6-88D0-61A71554C730}.AppStore|ARM.Build.0 = Release|Any CPU
		{FF1CEB7F-C898-4BD6-88D0-61A71554C730}.AppStore|ARM64.ActiveCfg = Release|Any CPU
		{FF1CEB7F-C898-4BD6-88D0-61A71554C730}.AppStore|ARM64.Build.0 = Release|Any CPU
		{FF1CEB7F-C898-4BD6-88D0-61A71554C730}.AppStore|iPhone.ActiveCfg = Release|Any CPU
		{FF1CEB7F-C898-4BD6-88D0-61A71554C730}.AppStore|iPhone.Build.0 = Release|Any CPU
		{FF1CEB7F-C898-4BD6-88D0-61A71554C730}.AppStore|iPhoneSimulator.ActiveCfg = Release|Any CPU
		{FF1CEB7F-C898-4BD6-88D0-61A71554C730}.AppStore|iPhoneSimulator.Build.0 = Release|Any CPU
		{FF1CEB7F-C898-4BD6-88D0-61A71554C730}.AppStore|x64.ActiveCfg = Release|Any CPU
		{FF1CEB7F-C898-4BD6-88D0-61A71554C730}.AppStore|x64.Build.0 = Release|Any CPU
		{FF1CEB7F-C898-4BD6-88D0-61A71554C730}.AppStore|x86.ActiveCfg = Release|Any CPU
		{FF1CEB7F-C898-4BD6-88D0-61A71554C730}.AppStore|x86.Build.0 = Release|Any CPU
		{FF1CEB7F-C898-4BD6-88D0-61A71554C730}.Debug|Any CPU.ActiveCfg = Debug|Any CPU
		{FF1CEB7F-C898-4BD6-88D0-61A71554C730}.Debug|Any CPU.Build.0 = Debug|Any CPU
		{FF1CEB7F-C898-4BD6-88D0-61A71554C730}.Debug|ARM.ActiveCfg = Debug|Any CPU
		{FF1CEB7F-C898-4BD6-88D0-61A71554C730}.Debug|ARM.Build.0 = Debug|Any CPU
		{FF1CEB7F-C898-4BD6-88D0-61A71554C730}.Debug|ARM64.ActiveCfg = Debug|Any CPU
		{FF1CEB7F-C898-4BD6-88D0-61A71554C730}.Debug|ARM64.Build.0 = Debug|Any CPU
		{FF1CEB7F-C898-4BD6-88D0-61A71554C730}.Debug|iPhone.ActiveCfg = Debug|Any CPU
		{FF1CEB7F-C898-4BD6-88D0-61A71554C730}.Debug|iPhone.Build.0 = Debug|Any CPU
		{FF1CEB7F-C898-4BD6-88D0-61A71554C730}.Debug|iPhoneSimulator.ActiveCfg = Debug|Any CPU
		{FF1CEB7F-C898-4BD6-88D0-61A71554C730}.Debug|iPhoneSimulator.Build.0 = Debug|Any CPU
		{FF1CEB7F-C898-4BD6-88D0-61A71554C730}.Debug|x64.ActiveCfg = Debug|Any CPU
		{FF1CEB7F-C898-4BD6-88D0-61A71554C730}.Debug|x64.Build.0 = Debug|Any CPU
		{FF1CEB7F-C898-4BD6-88D0-61A71554C730}.Debug|x86.ActiveCfg = Debug|Any CPU
		{FF1CEB7F-C898-4BD6-88D0-61A71554C730}.Debug|x86.Build.0 = Debug|Any CPU
		{FF1CEB7F-C898-4BD6-88D0-61A71554C730}.Release|Any CPU.ActiveCfg = Release|Any CPU
		{FF1CEB7F-C898-4BD6-88D0-61A71554C730}.Release|Any CPU.Build.0 = Release|Any CPU
		{FF1CEB7F-C898-4BD6-88D0-61A71554C730}.Release|ARM.ActiveCfg = Release|Any CPU
		{FF1CEB7F-C898-4BD6-88D0-61A71554C730}.Release|ARM.Build.0 = Release|Any CPU
		{FF1CEB7F-C898-4BD6-88D0-61A71554C730}.Release|ARM64.ActiveCfg = Release|Any CPU
		{FF1CEB7F-C898-4BD6-88D0-61A71554C730}.Release|ARM64.Build.0 = Release|Any CPU
		{FF1CEB7F-C898-4BD6-88D0-61A71554C730}.Release|iPhone.ActiveCfg = Release|Any CPU
		{FF1CEB7F-C898-4BD6-88D0-61A71554C730}.Release|iPhone.Build.0 = Release|Any CPU
		{FF1CEB7F-C898-4BD6-88D0-61A71554C730}.Release|iPhoneSimulator.ActiveCfg = Release|Any CPU
		{FF1CEB7F-C898-4BD6-88D0-61A71554C730}.Release|iPhoneSimulator.Build.0 = Release|Any CPU
		{FF1CEB7F-C898-4BD6-88D0-61A71554C730}.Release|x64.ActiveCfg = Release|Any CPU
		{FF1CEB7F-C898-4BD6-88D0-61A71554C730}.Release|x64.Build.0 = Release|Any CPU
		{FF1CEB7F-C898-4BD6-88D0-61A71554C730}.Release|x86.ActiveCfg = Release|Any CPU
		{FF1CEB7F-C898-4BD6-88D0-61A71554C730}.Release|x86.Build.0 = Release|Any CPU
	EndGlobalSection
	GlobalSection(SolutionProperties) = preSolution
		HideSolutionNode = FALSE
	EndGlobalSection
	GlobalSection(ExtensibilityGlobals) = postSolution
		SolutionGuid = {8372112C-CCF2-4DAA-B9C7-856B73BBE350}
	EndGlobalSection
EndGlobal
